
Microsoft Visual Studio Solution File, Format Version 12.00
# Visual Studio Version 17
VisualStudioVersion = 17.0.31903.59
MinimumVisualStudioVersion = 10.0.40219.1
Project("{FAE04EC0-301F-11D3-BF4B-00C04F79EFBC}") = "SystemDesign.Api", "SystemDesign.Api\SystemDesign.Api.csproj", "{BA2B0741-1FC7-458A-B446-FC77936EC9C7}"
EndProject
Project("{FAE04EC0-301F-11D3-BF4B-00C04F79EFBC}") = "SystemDesign.UnitTests", "SystemDesign.UnitTests\SystemDesign.UnitTests.csproj", "{D53E9463-8E42-4CC0-917A-AC9D6039974C}"
EndProject
Project("{FAE04EC0-301F-11D3-BF4B-00C04F79EFBC}") = "SystemDesign.IntegrationTests", "SystemDesign.IntegrationTests\SystemDesign.IntegrationTests.csproj", "{B55A12BE-A920-4A79-8371-6CDED98365DC}"
EndProject
Global
	GlobalSection(SolutionConfigurationPlatforms) = preSolution
		Debug|Any CPU = Debug|Any CPU
		Debug|x64 = Debug|x64
		Debug|x86 = Debug|x86
		Release|Any CPU = Release|Any CPU
		Release|x64 = Release|x64
		Release|x86 = Release|x86
	EndGlobalSection
	GlobalSection(ProjectConfigurationPlatforms) = postSolution
		{BA2B0741-1FC7-458A-B446-FC77936EC9C7}.Debug|Any CPU.ActiveCfg = Debug|Any CPU
		{BA2B0741-1FC7-458A-B446-FC77936EC9C7}.Debug|Any CPU.Build.0 = Debug|Any CPU
		{BA2B0741-1FC7-458A-B446-FC77936EC9C7}.Debug|x64.ActiveCfg = Debug|Any CPU
		{BA2B0741-1FC7-458A-B446-FC77936EC9C7}.Debug|x64.Build.0 = Debug|Any CPU
		{BA2B0741-1FC7-458A-B446-FC77936EC9C7}.Debug|x86.ActiveCfg = Debug|Any CPU
		{BA2B0741-1FC7-458A-B446-FC77936EC9C7}.Debug|x86.Build.0 = Debug|Any CPU
		{BA2B0741-1FC7-458A-B446-FC77936EC9C7}.Release|Any CPU.ActiveCfg = Release|Any CPU
		{BA2B0741-1FC7-458A-B446-FC77936EC9C7}.Release|Any CPU.Build.0 = Release|Any CPU
		{BA2B0741-1FC7-458A-B446-FC77936EC9C7}.Release|x64.ActiveCfg = Release|Any CPU
		{BA2B0741-1FC7-458A-B446-FC77936EC9C7}.Release|x64.Build.0 = Release|Any CPU
		{BA2B0741-1FC7-458A-B446-FC77936EC9C7}.Release|x86.ActiveCfg = Release|Any CPU
		{BA2B0741-1FC7-458A-B446-FC77936EC9C7}.Release|x86.Build.0 = Release|Any CPU
		{D53E9463-8E42-4CC0-917A-AC9D6039974C}.Debug|Any CPU.ActiveCfg = Debug|Any CPU
		{D53E9463-8E42-4CC0-917A-AC9D6039974C}.Debug|Any CPU.Build.0 = Debug|Any CPU
		{D53E9463-8E42-4CC0-917A-AC9D6039974C}.Debug|x64.ActiveCfg = Debug|Any CPU
		{D53E9463-8E42-4CC0-917A-AC9D6039974C}.Debug|x64.Build.0 = Debug|Any CPU
		{D53E9463-8E42-4CC0-917A-AC9D6039974C}.Debug|x86.ActiveCfg = Debug|Any CPU
		{D53E9463-8E42-4CC0-917A-AC9D6039974C}.Debug|x86.Build.0 = Debug|Any CPU
		{D53E9463-8E42-4CC0-917A-AC9D6039974C}.Release|Any CPU.ActiveCfg = Release|Any CPU
		{D53E9463-8E42-4CC0-917A-AC9D6039974C}.Release|Any CPU.Build.0 = Release|Any CPU
		{D53E9463-8E42-4CC0-917A-AC9D6039974C}.Release|x64.ActiveCfg = Release|Any CPU
		{D53E9463-8E42-4CC0-917A-AC9D6039974C}.Release|x64.Build.0 = Release|Any CPU
		{D53E9463-8E42-4CC0-917A-AC9D6039974C}.Release|x86.ActiveCfg = Release|Any CPU
		{D53E9463-8E42-4CC0-917A-AC9D6039974C}.Release|x86.Build.0 = Release|Any CPU
		{B55A12BE-A920-4A79-8371-6CDED98365DC}.Debug|Any CPU.ActiveCfg = Debug|Any CPU
		{B55A12BE-A920-4A79-8371-6CDED98365DC}.Debug|Any CPU.Build.0 = Debug|Any CPU
		{B55A12BE-A920-4A79-8371-6CDED98365DC}.Debug|x64.ActiveCfg = Debug|Any CPU
		{B55A12BE-A920-4A79-8371-6CDED98365DC}.Debug|x64.Build.0 = Debug|Any CPU
		{B55A12BE-A920-4A79-8371-6CDED98365DC}.Debug|x86.ActiveCfg = Debug|Any CPU
		{B55A12BE-A920-4A79-8371-6CDED98365DC}.Debug|x86.Build.0 = Debug|Any CPU
		{B55A12BE-A920-4A79-8371-6CDED98365DC}.Release|Any CPU.ActiveCfg = Release|Any CPU
		{B55A12BE-A920-4A79-8371-6CDED98365DC}.Release|Any CPU.Build.0 = Release|Any CPU
		{B55A12BE-A920-4A79-8371-6CDED98365DC}.Release|x64.ActiveCfg = Release|Any CPU
		{B55A12BE-A920-4A79-8371-6CDED98365DC}.Release|x64.Build.0 = Release|Any CPU
		{B55A12BE-A920-4A79-8371-6CDED98365DC}.Release|x86.ActiveCfg = Release|Any CPU
		{B55A12BE-A920-4A79-8371-6CDED98365DC}.Release|x86.Build.0 = Release|Any CPU
	EndGlobalSection
	GlobalSection(SolutionProperties) = preSolution
		HideSolutionNode = FALSE
	EndGlobalSection
EndGlobal
